
Microsoft Visual Studio Solution File, Format Version 12.00
# Visual Studio 15
VisualStudioVersion = 15.0.26124.0
MinimumVisualStudioVersion = 15.0.26124.0
Project("{FAE04EC0-301F-11D3-BF4B-00C04F79EFBC}") = "console1", "console1\console1.csproj", "{9CE6F05E-50EC-4397-95EC-FC4F1E571A0D}"
EndProject
Project("{FAE04EC0-301F-11D3-BF4B-00C04F79EFBC}") = "classlib1", "classlib1\classlib1.csproj", "{87ECCEB7-0D75-4223-A486-29EB0DD01F1E}"
EndProject
Global
	GlobalSection(SolutionConfigurationPlatforms) = preSolution
		Debug|Any CPU = Debug|Any CPU
		Debug|x64 = Debug|x64
		Debug|x86 = Debug|x86
		Release|Any CPU = Release|Any CPU
		Release|x64 = Release|x64
		Release|x86 = Release|x86
	EndGlobalSection
	GlobalSection(SolutionProperties) = preSolution
		HideSolutionNode = FALSE
	EndGlobalSection
	GlobalSection(ProjectConfigurationPlatforms) = postSolution
		{9CE6F05E-50EC-4397-95EC-FC4F1E571A0D}.Debug|Any CPU.ActiveCfg = Debug|Any CPU
		{9CE6F05E-50EC-4397-95EC-FC4F1E571A0D}.Debug|Any CPU.Build.0 = Debug|Any CPU
		{9CE6F05E-50EC-4397-95EC-FC4F1E571A0D}.Debug|x64.ActiveCfg = Debug|Any CPU
		{9CE6F05E-50EC-4397-95EC-FC4F1E571A0D}.Debug|x64.Build.0 = Debug|Any CPU
		{9CE6F05E-50EC-4397-95EC-FC4F1E571A0D}.Debug|x86.ActiveCfg = Debug|Any CPU
		{9CE6F05E-50EC-4397-95EC-FC4F1E571A0D}.Debug|x86.Build.0 = Debug|Any CPU
		{9CE6F05E-50EC-4397-95EC-FC4F1E571A0D}.Release|Any CPU.ActiveCfg = Release|Any CPU
		{9CE6F05E-50EC-4397-95EC-FC4F1E571A0D}.Release|Any CPU.Build.0 = Release|Any CPU
		{9CE6F05E-50EC-4397-95EC-FC4F1E571A0D}.Release|x64.ActiveCfg = Release|Any CPU
		{9CE6F05E-50EC-4397-95EC-FC4F1E571A0D}.Release|x64.Build.0 = Release|Any CPU
		{9CE6F05E-50EC-4397-95EC-FC4F1E571A0D}.Release|x86.ActiveCfg = Release|Any CPU
		{9CE6F05E-50EC-4397-95EC-FC4F1E571A0D}.Release|x86.Build.0 = Release|Any CPU
		{87ECCEB7-0D75-4223-A486-29EB0DD01F1E}.Debug|Any CPU.ActiveCfg = Debug|Any CPU
		{87ECCEB7-0D75-4223-A486-29EB0DD01F1E}.Debug|Any CPU.Build.0 = Debug|Any CPU
		{87ECCEB7-0D75-4223-A486-29EB0DD01F1E}.Debug|x64.ActiveCfg = Debug|Any CPU
		{87ECCEB7-0D75-4223-A486-29EB0DD01F1E}.Debug|x64.Build.0 = Debug|Any CPU
		{87ECCEB7-0D75-4223-A486-29EB0DD01F1E}.Debug|x86.ActiveCfg = Debug|Any CPU
		{87ECCEB7-0D75-4223-A486-29EB0DD01F1E}.Debug|x86.Build.0 = Debug|Any CPU
		{87ECCEB7-0D75-4223-A486-29EB0DD01F1E}.Release|Any CPU.ActiveCfg = Release|Any CPU
		{87ECCEB7-0D75-4223-A486-29EB0DD01F1E}.Release|Any CPU.Build.0 = Release|Any CPU
		{87ECCEB7-0D75-4223-A486-29EB0DD01F1E}.Release|x64.ActiveCfg = Release|Any CPU
		{87ECCEB7-0D75-4223-A486-29EB0DD01F1E}.Release|x64.Build.0 = Release|Any CPU
		{87ECCEB7-0D75-4223-A486-29EB0DD01F1E}.Release|x86.ActiveCfg = Release|Any CPU
		{87ECCEB7-0D75-4223-A486-29EB0DD01F1E}.Release|x86.Build.0 = Release|Any CPU
	EndGlobalSection
EndGlobal
